
Microsoft Visual Studio Solution File, Format Version 12.00
# Visual Studio Version 16
VisualStudioVersion = 16.0.29519.181
MinimumVisualStudioVersion = 10.0.40219.1
Project("{9A19103F-16F7-4668-BE54-9A1E7A4F7556}") = "AssociadoConsumer", "AssociadoConsumer\AssociadoConsumer.csproj", "{19AA06D6-F75B-413D-9F45-008B73246965}"
EndProject
Project("{9A19103F-16F7-4668-BE54-9A1E7A4F7556}") = "Domain", "Domain\Domain.csproj", "{8E230933-0561-439C-AF87-3A109B647AE0}"
EndProject
Project("{FAE04EC0-301F-11D3-BF4B-00C04F79EFBC}") = "Infrastructure", "Infrastructure\Infrastructure.csproj", "{D9BFA17F-69F0-401B-85F3-C16F61DE27A5}"
EndProject
Global
	GlobalSection(SolutionConfigurationPlatforms) = preSolution
		Debug|Any CPU = Debug|Any CPU
		Release|Any CPU = Release|Any CPU
	EndGlobalSection
	GlobalSection(ProjectConfigurationPlatforms) = postSolution
		{19AA06D6-F75B-413D-9F45-008B73246965}.Debug|Any CPU.ActiveCfg = Debug|Any CPU
		{19AA06D6-F75B-413D-9F45-008B73246965}.Debug|Any CPU.Build.0 = Debug|Any CPU
		{19AA06D6-F75B-413D-9F45-008B73246965}.Release|Any CPU.ActiveCfg = Release|Any CPU
		{19AA06D6-F75B-413D-9F45-008B73246965}.Release|Any CPU.Build.0 = Release|Any CPU
		{8E230933-0561-439C-AF87-3A109B647AE0}.Debug|Any CPU.ActiveCfg = Debug|Any CPU
		{8E230933-0561-439C-AF87-3A109B647AE0}.Debug|Any CPU.Build.0 = Debug|Any CPU
		{8E230933-0561-439C-AF87-3A109B647AE0}.Release|Any CPU.ActiveCfg = Release|Any CPU
		{8E230933-0561-439C-AF87-3A109B647AE0}.Release|Any CPU.Build.0 = Release|Any CPU
		{D9BFA17F-69F0-401B-85F3-C16F61DE27A5}.Debug|Any CPU.ActiveCfg = Debug|Any CPU
		{D9BFA17F-69F0-401B-85F3-C16F61DE27A5}.Debug|Any CPU.Build.0 = Debug|Any CPU
		{D9BFA17F-69F0-401B-85F3-C16F61DE27A5}.Release|Any CPU.ActiveCfg = Release|Any CPU
		{D9BFA17F-69F0-401B-85F3-C16F61DE27A5}.Release|Any CPU.Build.0 = Release|Any CPU
	EndGlobalSection
	GlobalSection(SolutionProperties) = preSolution
		HideSolutionNode = FALSE
	EndGlobalSection
	GlobalSection(ExtensibilityGlobals) = postSolution
		SolutionGuid = {B6FDD491-C310-4FFD-842E-E6B01FFFDE89}
	EndGlobalSection
EndGlobal
